// !$*UTF8*$!
{
	archiveVersion = 1;
	classes = {
	};
	objectVersion = 50;
	objects = {

/* Begin PBXBuildFile section */
		03B8C8992781AF32003EF66A /* AppDelegate.swift in Sources */ = {isa = PBXBuildFile; fileRef = 03B8C8982781AF32003EF66A /* AppDelegate.swift */; };
		03B8C89B2781AF33003EF66A /* SceneDelegate.swift in Sources */ = {isa = PBXBuildFile; fileRef = 03B8C89A2781AF33003EF66A /* SceneDelegate.swift */; };
		03B8C89D2781AF33003EF66A /* ViewController.swift in Sources */ = {isa = PBXBuildFile; fileRef = 03B8C89C2781AF33003EF66A /* ViewController.swift */; };
		03B8C8A02781AF33003EF66A /* Main.storyboard in Resources */ = {isa = PBXBuildFile; fileRef = 03B8C89E2781AF33003EF66A /* Main.storyboard */; };
		03B8C8A22781AF35003EF66A /* Assets.xcassets in Resources */ = {isa = PBXBuildFile; fileRef = 03B8C8A12781AF35003EF66A /* Assets.xcassets */; };
		03B8C8A52781AF35003EF66A /* LaunchScreen.storyboard in Resources */ = {isa = PBXBuildFile; fileRef = 03B8C8A32781AF35003EF66A /* LaunchScreen.storyboard */; };
		03B8C8B02781AF35003EF66A /* OyoTests.swift in Sources */ = {isa = PBXBuildFile; fileRef = 03B8C8AF2781AF35003EF66A /* OyoTests.swift */; };
		03B8C8BB2781AF35003EF66A /* OyoUITests.swift in Sources */ = {isa = PBXBuildFile; fileRef = 03B8C8BA2781AF35003EF66A /* OyoUITests.swift */; };
/* End PBXBuildFile section */

/* Begin PBXContainerItemProxy section */
		03B8C8AC2781AF35003EF66A /* PBXContainerItemProxy */ = {
			isa = PBXContainerItemProxy;
			containerPortal = 03B8C88D2781AF32003EF66A /* Project object */;
			proxyType = 1;
			remoteGlobalIDString = 03B8C8942781AF32003EF66A;
			remoteInfo = Oyo;
		};
		03B8C8B72781AF35003EF66A /* PBXContainerItemProxy */ = {
			isa = PBXContainerItemProxy;
			containerPortal = 03B8C88D2781AF32003EF66A /* Project object */;
			proxyType = 1;
			remoteGlobalIDString = 03B8C8942781AF32003EF66A;
			remoteInfo = Oyo;
		};
/* End PBXContainerItemProxy section */

/* Begin PBXFileReference section */
		03B8C8952781AF32003EF66A /* Oyo.app */ = {isa = PBXFileReference; explicitFileType = wrapper.application; includeInIndex = 0; path = Oyo.app; sourceTree = BUILT_PRODUCTS_DIR; };
		03B8C8982781AF32003EF66A /* AppDelegate.swift */ = {isa = PBXFileReference; lastKnownFileType = sourcecode.swift; path = AppDelegate.swift; sourceTree = "<group>"; };
		03B8C89A2781AF33003EF66A /* SceneDelegate.swift */ = {isa = PBXFileReference; lastKnownFileType = sourcecode.swift; path = SceneDelegate.swift; sourceTree = "<group>"; };
		03B8C89C2781AF33003EF66A /* ViewController.swift */ = {isa = PBXFileReference; lastKnownFileType = sourcecode.swift; path = ViewController.swift; sourceTree = "<group>"; };
		03B8C89F2781AF33003EF66A /* Base */ = {isa = PBXFileReference; lastKnownFileType = file.storyboard; name = Base; path = Base.lproj/Main.storyboard; sourceTree = "<group>"; };
		03B8C8A12781AF35003EF66A /* Assets.xcassets */ = {isa = PBXFileReference; lastKnownFileType = folder.assetcatalog; path = Assets.xcassets; sourceTree = "<group>"; };
		03B8C8A42781AF35003EF66A /* Base */ = {isa = PBXFileReference; lastKnownFileType = file.storyboard; name = Base; path = Base.lproj/LaunchScreen.storyboard; sourceTree = "<group>"; };
		03B8C8A62781AF35003EF66A /* Info.plist */ = {isa = PBXFileReference; lastKnownFileType = text.plist.xml; path = Info.plist; sourceTree = "<group>"; };
		03B8C8AB2781AF35003EF66A /* OyoTests.xctest */ = {isa = PBXFileReference; explicitFileType = wrapper.cfbundle; includeInIndex = 0; path = OyoTests.xctest; sourceTree = BUILT_PRODUCTS_DIR; };
		03B8C8AF2781AF35003EF66A /* OyoTests.swift */ = {isa = PBXFileReference; lastKnownFileType = sourcecode.swift; path = OyoTests.swift; sourceTree = "<group>"; };
		03B8C8B12781AF35003EF66A /* Info.plist */ = {isa = PBXFileReference; lastKnownFileType = text.plist.xml; path = Info.plist; sourceTree = "<group>"; };
		03B8C8B62781AF35003EF66A /* OyoUITests.xctest */ = {isa = PBXFileReference; explicitFileType = wrapper.cfbundle; includeInIndex = 0; path = OyoUITests.xctest; sourceTree = BUILT_PRODUCTS_DIR; };
		03B8C8BA2781AF35003EF66A /* OyoUITests.swift */ = {isa = PBXFileReference; lastKnownFileType = sourcecode.swift; path = OyoUITests.swift; sourceTree = "<group>"; };
		03B8C8BC2781AF35003EF66A /* Info.plist */ = {isa = PBXFileReference; lastKnownFileType = text.plist.xml; path = Info.plist; sourceTree = "<group>"; };
/* End PBXFileReference section */

/* Begin PBXFrameworksBuildPhase section */
		03B8C8922781AF32003EF66A /* Frameworks */ = {
			isa = PBXFrameworksBuildPhase;
			buildActionMask = 2147483647;
			files = (
			);
			runOnlyForDeploymentPostprocessing = 0;
		};
		03B8C8A82781AF35003EF66A /* Frameworks */ = {
			isa = PBXFrameworksBuildPhase;
			buildActionMask = 2147483647;
			files = (
			);
			runOnlyForDeploymentPostprocessing = 0;
		};
		03B8C8B32781AF35003EF66A /* Frameworks */ = {
			isa = PBXFrameworksBuildPhase;
			buildActionMask = 2147483647;
			files = (
			);
			runOnlyForDeploymentPostprocessing = 0;
		};
/* End PBXFrameworksBuildPhase section */

/* Begin PBXGroup section */
		03B8C88C2781AF32003EF66A = {
			isa = PBXGroup;
			children = (
				03B8C8972781AF32003EF66A /* Oyo */,
				03B8C8AE2781AF35003EF66A /* OyoTests */,
				03B8C8B92781AF35003EF66A /* OyoUITests */,
				03B8C8962781AF32003EF66A /* Products */,
			);
			sourceTree = "<group>";
		};
		03B8C8962781AF32003EF66A /* Products */ = {
			isa = PBXGroup;
			children = (
				03B8C8952781AF32003EF66A /* Oyo.app */,
				03B8C8AB2781AF35003EF66A /* OyoTests.xctest */,
				03B8C8B62781AF35003EF66A /* OyoUITests.xctest */,
			);
			name = Products;
			sourceTree = "<group>";
		};
		03B8C8972781AF32003EF66A /* Oyo */ = {
			isa = PBXGroup;
			children = (
				03B8C8982781AF32003EF66A /* AppDelegate.swift */,
				03B8C89A2781AF33003EF66A /* SceneDelegate.swift */,
				03B8C89C2781AF33003EF66A /* ViewController.swift */,
				03B8C89E2781AF33003EF66A /* Main.storyboard */,
				03B8C8A12781AF35003EF66A /* Assets.xcassets */,
				03B8C8A32781AF35003EF66A /* LaunchScreen.storyboard */,
				03B8C8A62781AF35003EF66A /* Info.plist */,
			);
			path = Oyo;
			sourceTree = "<group>";
		};
		03B8C8AE2781AF35003EF66A /* OyoTests */ = {
			isa = PBXGroup;
			children = (
				03B8C8AF2781AF35003EF66A /* OyoTests.swift */,
				03B8C8B12781AF35003EF66A /* Info.plist */,
			);
			path = OyoTests;
			sourceTree = "<group>";
		};
		03B8C8B92781AF35003EF66A /* OyoUITests */ = {
			isa = PBXGroup;
			children = (
				03B8C8BA2781AF35003EF66A /* OyoUITests.swift */,
				03B8C8BC2781AF35003EF66A /* Info.plist */,
			);
			path = OyoUITests;
			sourceTree = "<group>";
		};
/* End PBXGroup section */

/* Begin PBXNativeTarget section */
		03B8C8942781AF32003EF66A /* Oyo */ = {
			isa = PBXNativeTarget;
			buildConfigurationList = 03B8C8BF2781AF35003EF66A /* Build configuration list for PBXNativeTarget "Oyo" */;
			buildPhases = (
				03B8C8912781AF32003EF66A /* Sources */,
				03B8C8922781AF32003EF66A /* Frameworks */,
				03B8C8932781AF32003EF66A /* Resources */,
			);
			buildRules = (
			);
			dependencies = (
			);
			name = Oyo;
			productName = Oyo;
			productReference = 03B8C8952781AF32003EF66A /* Oyo.app */;
			productType = "com.apple.product-type.application";
		};
		03B8C8AA2781AF35003EF66A /* OyoTests */ = {
			isa = PBXNativeTarget;
			buildConfigurationList = 03B8C8C22781AF35003EF66A /* Build configuration list for PBXNativeTarget "OyoTests" */;
			buildPhases = (
				03B8C8A72781AF35003EF66A /* Sources */,
				03B8C8A82781AF35003EF66A /* Frameworks */,
				03B8C8A92781AF35003EF66A /* Resources */,
			);
			buildRules = (
			);
			dependencies = (
				03B8C8AD2781AF35003EF66A /* PBXTargetDependency */,
			);
			name = OyoTests;
			productName = OyoTests;
			productReference = 03B8C8AB2781AF35003EF66A /* OyoTests.xctest */;
			productType = "com.apple.product-type.bundle.unit-test";
		};
		03B8C8B52781AF35003EF66A /* OyoUITests */ = {
			isa = PBXNativeTarget;
			buildConfigurationList = 03B8C8C52781AF35003EF66A /* Build configuration list for PBXNativeTarget "OyoUITests" */;
			buildPhases = (
				03B8C8B22781AF35003EF66A /* Sources */,
				03B8C8B32781AF35003EF66A /* Frameworks */,
				03B8C8B42781AF35003EF66A /* Resources */,
			);
			buildRules = (
			);
			dependencies = (
				03B8C8B82781AF35003EF66A /* PBXTargetDependency */,
			);
			name = OyoUITests;
			productName = OyoUITests;
			productReference = 03B8C8B62781AF35003EF66A /* OyoUITests.xctest */;
			productType = "com.apple.product-type.bundle.ui-testing";
		};
/* End PBXNativeTarget section */

/* Begin PBXProject section */
		03B8C88D2781AF32003EF66A /* Project object */ = {
			isa = PBXProject;
			attributes = {
				LastSwiftUpdateCheck = 1220;
				LastUpgradeCheck = 1220;
				TargetAttributes = {
					03B8C8942781AF32003EF66A = {
						CreatedOnToolsVersion = 12.2;
					};
					03B8C8AA2781AF35003EF66A = {
						CreatedOnToolsVersion = 12.2;
						TestTargetID = 03B8C8942781AF32003EF66A;
					};
					03B8C8B52781AF35003EF66A = {
						CreatedOnToolsVersion = 12.2;
						TestTargetID = 03B8C8942781AF32003EF66A;
					};
				};
			};
			buildConfigurationList = 03B8C8902781AF32003EF66A /* Build configuration list for PBXProject "Oyo" */;
			compatibilityVersion = "Xcode 9.3";
			developmentRegion = en;
			hasScannedForEncodings = 0;
			knownRegions = (
				en,
				Base,
			);
			mainGroup = 03B8C88C2781AF32003EF66A;
			productRefGroup = 03B8C8962781AF32003EF66A /* Products */;
			projectDirPath = "";
			projectRoot = "";
			targets = (
				03B8C8942781AF32003EF66A /* Oyo */,
				03B8C8AA2781AF35003EF66A /* OyoTests */,
				03B8C8B52781AF35003EF66A /* OyoUITests */,
			);
		};
/* End PBXProject section */

/* Begin PBXResourcesBuildPhase section */
		03B8C8932781AF32003EF66A /* Resources */ = {
			isa = PBXResourcesBuildPhase;
			buildActionMask = 2147483647;
			files = (
				03B8C8A52781AF35003EF66A /* LaunchScreen.storyboard in Resources */,
				03B8C8A22781AF35003EF66A /* Assets.xcassets in Resources */,
				03B8C8A02781AF33003EF66A /* Main.storyboard in Resources */,
			);
			runOnlyForDeploymentPostprocessing = 0;
		};
		03B8C8A92781AF35003EF66A /* Resources */ = {
			isa = PBXResourcesBuildPhase;
			buildActionMask = 2147483647;
			files = (
			);
			runOnlyForDeploymentPostprocessing = 0;
		};
		03B8C8B42781AF35003EF66A /* Resources */ = {
			isa = PBXResourcesBuildPhase;
			buildActionMask = 2147483647;
			files = (
			);
			runOnlyForDeploymentPostprocessing = 0;
		};
/* End PBXResourcesBuildPhase section */

/* Begin PBXSourcesBuildPhase section */
		03B8C8912781AF32003EF66A /* Sources */ = {
			isa = PBXSourcesBuildPhase;
			buildActionMask = 2147483647;
			files = (
				03B8C89D2781AF33003EF66A /* ViewController.swift in Sources */,
				03B8C8992781AF32003EF66A /* AppDelegate.swift in Sources */,
				03B8C89B2781AF33003EF66A /* SceneDelegate.swift in Sources */,
			);
			runOnlyForDeploymentPostprocessing = 0;
		};
		03B8C8A72781AF35003EF66A /* Sources */ = {
			isa = PBXSourcesBuildPhase;
			buildActionMask = 2147483647;
			files = (
				03B8C8B02781AF35003EF66A /* OyoTests.swift in Sources */,
			);
			runOnlyForDeploymentPostprocessing = 0;
		};
		03B8C8B22781AF35003EF66A /* Sources */ = {
			isa = PBXSourcesBuildPhase;
			buildActionMask = 2147483647;
			files = (
				03B8C8BB2781AF35003EF66A /* OyoUITests.swift in Sources */,
			);
			runOnlyForDeploymentPostprocessing = 0;
		};
/* End PBXSourcesBuildPhase section */

/* Begin PBXTargetDependency section */
		03B8C8AD2781AF35003EF66A /* PBXTargetDependency */ = {
			isa = PBXTargetDependency;
			target = 03B8C8942781AF32003EF66A /* Oyo */;
			targetProxy = 03B8C8AC2781AF35003EF66A /* PBXContainerItemProxy */;
		};
		03B8C8B82781AF35003EF66A /* PBXTargetDependency */ = {
			isa = PBXTargetDependency;
			target = 03B8C8942781AF32003EF66A /* Oyo */;
			targetProxy = 03B8C8B72781AF35003EF66A /* PBXContainerItemProxy */;
		};
/* End PBXTargetDependency section */

/* Begin PBXVariantGroup section */
		03B8C89E2781AF33003EF66A /* Main.storyboard */ = {
			isa = PBXVariantGroup;
			children = (
				03B8C89F2781AF33003EF66A /* Base */,
			);
			name = Main.storyboard;
			sourceTree = "<group>";
		};
		03B8C8A32781AF35003EF66A /* LaunchScreen.storyboard */ = {
			isa = PBXVariantGroup;
			children = (
				03B8C8A42781AF35003EF66A /* Base */,
			);
			name = LaunchScreen.storyboard;
			sourceTree = "<group>";
		};
/* End PBXVariantGroup section */

/* Begin XCBuildConfiguration section */
		03B8C8BD2781AF35003EF66A /* Debug */ = {
			isa = XCBuildConfiguration;
			buildSettings = {
				ALWAYS_SEARCH_USER_PATHS = NO;
				CLANG_ANALYZER_NONNULL = YES;
				CLANG_ANALYZER_NUMBER_OBJECT_CONVERSION = YES_AGGRESSIVE;
				CLANG_CXX_LANGUAGE_STANDARD = "gnu++14";
				CLANG_CXX_LIBRARY = "libc++";
				CLANG_ENABLE_MODULES = YES;
				CLANG_ENABLE_OBJC_ARC = YES;
				CLANG_ENABLE_OBJC_WEAK = YES;
				CLANG_WARN_BLOCK_CAPTURE_AUTORELEASING = YES;
				CLANG_WARN_BOOL_CONVERSION = YES;
				CLANG_WARN_COMMA = YES;
				CLANG_WARN_CONSTANT_CONVERSION = YES;
				CLANG_WARN_DEPRECATED_OBJC_IMPLEMENTATIONS = YES;
				CLANG_WARN_DIRECT_OBJC_ISA_USAGE = YES_ERROR;
				CLANG_WARN_DOCUMENTATION_COMMENTS = YES;
				CLANG_WARN_EMPTY_BODY = YES;
				CLANG_WARN_ENUM_CONVERSION = YES;
				CLANG_WARN_INFINITE_RECURSION = YES;
				CLANG_WARN_INT_CONVERSION = YES;
				CLANG_WARN_NON_LITERAL_NULL_CONVERSION = YES;
				CLANG_WARN_OBJC_IMPLICIT_RETAIN_SELF = YES;
				CLANG_WARN_OBJC_LITERAL_CONVERSION = YES;
				CLANG_WARN_OBJC_ROOT_CLASS = YES_ERROR;
				CLANG_WARN_QUOTED_INCLUDE_IN_FRAMEWORK_HEADER = YES;
				CLANG_WARN_RANGE_LOOP_ANALYSIS = YES;
				CLANG_WARN_STRICT_PROTOTYPES = YES;
				CLANG_WARN_SUSPICIOUS_MOVE = YES;
				CLANG_WARN_UNGUARDED_AVAILABILITY = YES_AGGRESSIVE;
				CLANG_WARN_UNREACHABLE_CODE = YES;
				CLANG_WARN__DUPLICATE_METHOD_MATCH = YES;
				COPY_PHASE_STRIP = NO;
				DEBUG_INFORMATION_FORMAT = dwarf;
				ENABLE_STRICT_OBJC_MSGSEND = YES;
				ENABLE_TESTABILITY = YES;
				GCC_C_LANGUAGE_STANDARD = gnu11;
				GCC_DYNAMIC_NO_PIC = NO;
				GCC_NO_COMMON_BLOCKS = YES;
				GCC_OPTIMIZATION_LEVEL = 0;
				GCC_PREPROCESSOR_DEFINITIONS = (
					"DEBUG=1",
					"$(inherited)",
				);
				GCC_WARN_64_TO_32_BIT_CONVERSION = YES;
				GCC_WARN_ABOUT_RETURN_TYPE = YES_ERROR;
				GCC_WARN_UNDECLARED_SELECTOR = YES;
				GCC_WARN_UNINITIALIZED_AUTOS = YES_AGGRESSIVE;
				GCC_WARN_UNUSED_FUNCTION = YES;
				GCC_WARN_UNUSED_VARIABLE = YES;
				IPHONEOS_DEPLOYMENT_TARGET = 14.2;
				MTL_ENABLE_DEBUG_INFO = INCLUDE_SOURCE;
				MTL_FAST_MATH = YES;
				ONLY_ACTIVE_ARCH = YES;
				SDKROOT = iphoneos;
				SWIFT_ACTIVE_COMPILATION_CONDITIONS = DEBUG;
				SWIFT_OPTIMIZATION_LEVEL = "-Onone";
			};
			name = Debug;
		};
		03B8C8BE2781AF35003EF66A /* Release */ = {
			isa = XCBuildConfiguration;
			buildSettings = {
				ALWAYS_SEARCH_USER_PATHS = NO;
				CLANG_ANALYZER_NONNULL = YES;
				CLANG_ANALYZER_NUMBER_OBJECT_CONVERSION = YES_AGGRESSIVE;
				CLANG_CXX_LANGUAGE_STANDARD = "gnu++14";
				CLANG_CXX_LIBRARY = "libc++";
				CLANG_ENABLE_MODULES = YES;
				CLANG_ENABLE_OBJC_ARC = YES;
				CLANG_ENABLE_OBJC_WEAK = YES;
				CLANG_WARN_BLOCK_CAPTURE_AUTORELEASING = YES;
				CLANG_WARN_BOOL_CONVERSION = YES;
				CLANG_WARN_COMMA = YES;
				CLANG_WARN_CONSTANT_CONVERSION = YES;
				CLANG_WARN_DEPRECATED_OBJC_IMPLEMENTATIONS = YES;
				CLANG_WARN_DIRECT_OBJC_ISA_USAGE = YES_ERROR;
				CLANG_WARN_DOCUMENTATION_COMMENTS = YES;
				CLANG_WARN_EMPTY_BODY = YES;
				CLANG_WARN_ENUM_CONVERSION = YES;
				CLANG_WARN_INFINITE_RECURSION = YES;
				CLANG_WARN_INT_CONVERSION = YES;
				CLANG_WARN_NON_LITERAL_NULL_CONVERSION = YES;
				CLANG_WARN_OBJC_IMPLICIT_RETAIN_SELF = YES;
				CLANG_WARN_OBJC_LITERAL_CONVERSION = YES;
				CLANG_WARN_OBJC_ROOT_CLASS = YES_ERROR;
				CLANG_WARN_QUOTED_INCLUDE_IN_FRAMEWORK_HEADER = YES;
				CLANG_WARN_RANGE_LOOP_ANALYSIS = YES;
				CLANG_WARN_STRICT_PROTOTYPES = YES;
				CLANG_WARN_SUSPICIOUS_MOVE = YES;
				CLANG_WARN_UNGUARDED_AVAILABILITY = YES_AGGRESSIVE;
				CLANG_WARN_UNREACHABLE_CODE = YES;
				CLANG_WARN__DUPLICATE_METHOD_MATCH = YES;
				COPY_PHASE_STRIP = NO;
				DEBUG_INFORMATION_FORMAT = "dwarf-with-dsym";
				ENABLE_NS_ASSERTIONS = NO;
				ENABLE_STRICT_OBJC_MSGSEND = YES;
				GCC_C_LANGUAGE_STANDARD = gnu11;
				GCC_NO_COMMON_BLOCKS = YES;
				GCC_WARN_64_TO_32_BIT_CONVERSION = YES;
				GCC_WARN_ABOUT_RETURN_TYPE = YES_ERROR;
				GCC_WARN_UNDECLARED_SELECTOR = YES;
				GCC_WARN_UNINITIALIZED_AUTOS = YES_AGGRESSIVE;
				GCC_WARN_UNUSED_FUNCTION = YES;
				GCC_WARN_UNUSED_VARIABLE = YES;
				IPHONEOS_DEPLOYMENT_TARGET = 14.2;
				MTL_ENABLE_DEBUG_INFO = NO;
				MTL_FAST_MATH = YES;
				SDKROOT = iphoneos;
				SWIFT_COMPILATION_MODE = wholemodule;
				SWIFT_OPTIMIZATION_LEVEL = "-O";
				VALIDATE_PRODUCT = YES;
			};
			name = Release;
		};
		03B8C8C02781AF35003EF66A /* Debug */ = {
			isa = XCBuildConfiguration;
			buildSettings = {
				ASSETCATALOG_COMPILER_APPICON_NAME = AppIcon;
				ASSETCATALOG_COMPILER_GLOBAL_ACCENT_COLOR_NAME = AccentColor;
				CODE_SIGN_STYLE = Automatic;
				INFOPLIST_FILE = Oyo/Info.plist;
				LD_RUNPATH_SEARCH_PATHS = (
					"$(inherited)",
					"@executable_path/Frameworks",
				);
				PRODUCT_BUNDLE_IDENTIFIER = com.veena.ios.Oyo;
				PRODUCT_NAME = "$(TARGET_NAME)";
				SWIFT_VERSION = 5.0;
				TARGETED_DEVICE_FAMILY = "1,2";
			};
			name = Debug;
		};
		03B8C8C12781AF35003EF66A /* Release */ = {
			isa = XCBuildConfiguration;
			buildSettings = {
				ASSETCATALOG_COMPILER_APPICON_NAME = AppIcon;
				ASSETCATALOG_COMPILER_GLOBAL_ACCENT_COLOR_NAME = AccentColor;
				CODE_SIGN_STYLE = Automatic;
				INFOPLIST_FILE = Oyo/Info.plist;
				LD_RUNPATH_SEARCH_PATHS = (
					"$(inherited)",
					"@executable_path/Frameworks",
				);
				PRODUCT_BUNDLE_IDENTIFIER = com.veena.ios.Oyo;
				PRODUCT_NAME = "$(TARGET_NAME)";
				SWIFT_VERSION = 5.0;
				TARGETED_DEVICE_FAMILY = "1,2";
			};
			name = Release;
		};
		03B8C8C32781AF35003EF66A /* Debug */ = {
			isa = XCBuildConfiguration;
			buildSettings = {
				ALWAYS_EMBED_SWIFT_STANDARD_LIBRARIES = YES;
				BUNDLE_LOADER = "$(TEST_HOST)";
				CODE_SIGN_STYLE = Automatic;
				INFOPLIST_FILE = OyoTests/Info.plist;
				IPHONEOS_DEPLOYMENT_TARGET = 14.2;
				LD_RUNPATH_SEARCH_PATHS = (
					"$(inherited)",
					"@executable_path/Frameworks",
					"@loader_path/Frameworks",
				);
				PRODUCT_BUNDLE_IDENTIFIER = com.veena.ios.OyoTests;
				PRODUCT_NAME = "$(TARGET_NAME)";
				SWIFT_VERSION = 5.0;
				TARGETED_DEVICE_FAMILY = "1,2";
				TEST_HOST = "$(BUILT_PRODUCTS_DIR)/Oyo.app/Oyo";
			};
			name = Debug;
		};
		03B8C8C42781AF35003EF66A /* Release */ = {
			isa = XCBuildConfiguration;
			buildSettings = {
				ALWAYS_EMBED_SWIFT_STANDARD_LIBRARIES = YES;
				BUNDLE_LOADER = "$(TEST_HOST)";
				CODE_SIGN_STYLE = Automatic;
				INFOPLIST_FILE = OyoTests/Info.plist;
				IPHONEOS_DEPLOYMENT_TARGET = 14.2;
				LD_RUNPATH_SEARCH_PATHS = (
					"$(inherited)",
					"@executable_path/Frameworks",
					"@loader_path/Frameworks",
				);
				PRODUCT_BUNDLE_IDENTIFIER = com.veena.ios.OyoTests;
				PRODUCT_NAME = "$(TARGET_NAME)";
				SWIFT_VERSION = 5.0;
				TARGETED_DEVICE_FAMILY = "1,2";
				TEST_HOST = "$(BUILT_PRODUCTS_DIR)/Oyo.app/Oyo";
			};
			name = Release;
		};
		03B8C8C62781AF35003EF66A /* Debug */ = {
			isa = XCBuildConfiguration;
			buildSettings = {
				ALWAYS_EMBED_SWIFT_STANDARD_LIBRARIES = YES;
				CODE_SIGN_STYLE = Automatic;
				INFOPLIST_FILE = OyoUITests/Info.plist;
				LD_RUNPATH_SEARCH_PATHS = (
					"$(inherited)",
					"@executable_path/Frameworks",
					"@loader_path/Frameworks",
				);
				PRODUCT_BUNDLE_IDENTIFIER = com.veena.ios.OyoUITests;
				PRODUCT_NAME = "$(TARGET_NAME)";
				SWIFT_VERSION = 5.0;
				TARGETED_DEVICE_FAMILY = "1,2";
				TEST_TARGET_NAME = Oyo;
			};
			name = Debug;
		};
		03B8C8C72781AF35003EF66A /* Release */ = {
			isa = XCBuildConfiguration;
			buildSettings = {
				ALWAYS_EMBED_SWIFT_STANDARD_LIBRARIES = YES;
				CODE_SIGN_STYLE = Automatic;
				INFOPLIST_FILE = OyoUITests/Info.plist;
				LD_RUNPATH_SEARCH_PATHS = (
					"$(inherited)",
					"@executable_path/Frameworks",
					"@loader_path/Frameworks",
				);
				PRODUCT_BUNDLE_IDENTIFIER = com.veena.ios.OyoUITests;
				PRODUCT_NAME = "$(TARGET_NAME)";
				SWIFT_VERSION = 5.0;
				TARGETED_DEVICE_FAMILY = "1,2";
				TEST_TARGET_NAME = Oyo;
			};
			name = Release;
		};
/* End XCBuildConfiguration section */

/* Begin XCConfigurationList section */
		03B8C8902781AF32003EF66A /* Build configuration list for PBXProject "Oyo" */ = {
			isa = XCConfigurationList;
			buildConfigurations = (
				03B8C8BD2781AF35003EF66A /* Debug */,
				03B8C8BE2781AF35003EF66A /* Release */,
			);
			defaultConfigurationIsVisible = 0;
			defaultConfigurationName = Release;
		};
		03B8C8BF2781AF35003EF66A /* Build configuration list for PBXNativeTarget "Oyo" */ = {
			isa = XCConfigurationList;
			buildConfigurations = (
				03B8C8C02781AF35003EF66A /* Debug */,
				03B8C8C12781AF35003EF66A /* Release */,
			);
			defaultConfigurationIsVisible = 0;
			defaultConfigurationName = Release;
		};
		03B8C8C22781AF35003EF66A /* Build configuration list for PBXNativeTarget "OyoTests" */ = {
			isa = XCConfigurationList;
			buildConfigurations = (
				03B8C8C32781AF35003EF66A /* Debug */,
				03B8C8C42781AF35003EF66A /* Release */,
			);
			defaultConfigurationIsVisible = 0;
			defaultConfigurationName = Release;
		};
		03B8C8C52781AF35003EF66A /* Build configuration list for PBXNativeTarget "OyoUITests" */ = {
			isa = XCConfigurationList;
			buildConfigurations = (
				03B8C8C62781AF35003EF66A /* Debug */,
				03B8C8C72781AF35003EF66A /* Release */,
			);
			defaultConfigurationIsVisible = 0;
			defaultConfigurationName = Release;
		};
/* End XCConfigurationList section */
	};
	rootObject = 03B8C88D2781AF32003EF66A /* Project object */;
}
